
Microsoft Visual Studio Solution File, Format Version 12.00
# Visual Studio Version 17
VisualStudioVersion = 17.10.35027.167
MinimumVisualStudioVersion = 10.0.40219.1
Project("{2150E333-8FDC-42A3-9474-1A3956D46DE8}") = "Core", "Core", "{AA9865E7-16BD-4DBF-86A5-4CE509C08CF5}"
EndProject
Project("{2150E333-8FDC-42A3-9474-1A3956D46DE8}") = "Infrastructure", "Infrastructure", "{36E3966F-1DAC-44FF-816B-0F58268870D6}"
EndProject
Project("{2150E333-8FDC-42A3-9474-1A3956D46DE8}") = "Presentation", "Presentation", "{61C0890F-253E-4178-A9B5-01346C8DDB2D}"
EndProject
Project("{9A19103F-16F7-4668-BE54-9A1E7A4F7556}") = "FlightAPI.API", "Presentation\FlightAPI.API\FlightAPI.API.csproj", "{37DACDEC-B45B-43E3-978B-F43A810BAEDE}"
EndProject
Project("{FAE04EC0-301F-11D3-BF4B-00C04F79EFBC}") = "FlightAPI.Domain", "Core\FlightAPI.Domain\FlightAPI.Domain.csproj", "{B68CC5B9-0BBD-40C2-9EAF-42BF88E5786E}"
EndProject
Project("{FAE04EC0-301F-11D3-BF4B-00C04F79EFBC}") = "FlightAPI.Application", "Core\FlightAPI.Application\FlightAPI.Application.csproj", "{46135436-410A-4922-96CB-AD1938F500FE}"
EndProject
Project("{FAE04EC0-301F-11D3-BF4B-00C04F79EFBC}") = "FlightAPI.Infrastructure", "Infrastructure\FlightAPI.Infrastructure\FlightAPI.Infrastructure.csproj", "{65A7F259-FA1A-413D-8FCC-DE4226331244}"
EndProject
Project("{FAE04EC0-301F-11D3-BF4B-00C04F79EFBC}") = "FlightAPI.Persistence", "Infrastructure\FlightAPI.Persistence\FlightAPI.Persistence.csproj", "{1EA5D9C5-1B0C-4C7A-A946-292A80553D84}"
EndProject
Global
	GlobalSection(SolutionConfigurationPlatforms) = preSolution
		Debug|Any CPU = Debug|Any CPU
		Release|Any CPU = Release|Any CPU
	EndGlobalSection
	GlobalSection(ProjectConfigurationPlatforms) = postSolution
		{37DACDEC-B45B-43E3-978B-F43A810BAEDE}.Debug|Any CPU.ActiveCfg = Debug|Any CPU
		{37DACDEC-B45B-43E3-978B-F43A810BAEDE}.Debug|Any CPU.Build.0 = Debug|Any CPU
		{37DACDEC-B45B-43E3-978B-F43A810BAEDE}.Release|Any CPU.ActiveCfg = Release|Any CPU
		{37DACDEC-B45B-43E3-978B-F43A810BAEDE}.Release|Any CPU.Build.0 = Release|Any CPU
		{B68CC5B9-0BBD-40C2-9EAF-42BF88E5786E}.Debug|Any CPU.ActiveCfg = Debug|Any CPU
		{B68CC5B9-0BBD-40C2-9EAF-42BF88E5786E}.Debug|Any CPU.Build.0 = Debug|Any CPU
		{B68CC5B9-0BBD-40C2-9EAF-42BF88E5786E}.Release|Any CPU.ActiveCfg = Release|Any CPU
		{B68CC5B9-0BBD-40C2-9EAF-42BF88E5786E}.Release|Any CPU.Build.0 = Release|Any CPU
		{46135436-410A-4922-96CB-AD1938F500FE}.Debug|Any CPU.ActiveCfg = Debug|Any CPU
		{46135436-410A-4922-96CB-AD1938F500FE}.Debug|Any CPU.Build.0 = Debug|Any CPU
		{46135436-410A-4922-96CB-AD1938F500FE}.Release|Any CPU.ActiveCfg = Release|Any CPU
		{46135436-410A-4922-96CB-AD1938F500FE}.Release|Any CPU.Build.0 = Release|Any CPU
		{65A7F259-FA1A-413D-8FCC-DE4226331244}.Debug|Any CPU.ActiveCfg = Debug|Any CPU
		{65A7F259-FA1A-413D-8FCC-DE4226331244}.Debug|Any CPU.Build.0 = Debug|Any CPU
		{65A7F259-FA1A-413D-8FCC-DE4226331244}.Release|Any CPU.ActiveCfg = Release|Any CPU
		{65A7F259-FA1A-413D-8FCC-DE4226331244}.Release|Any CPU.Build.0 = Release|Any CPU
		{1EA5D9C5-1B0C-4C7A-A946-292A80553D84}.Debug|Any CPU.ActiveCfg = Debug|Any CPU
		{1EA5D9C5-1B0C-4C7A-A946-292A80553D84}.Debug|Any CPU.Build.0 = Debug|Any CPU
		{1EA5D9C5-1B0C-4C7A-A946-292A80553D84}.Release|Any CPU.ActiveCfg = Release|Any CPU
		{1EA5D9C5-1B0C-4C7A-A946-292A80553D84}.Release|Any CPU.Build.0 = Release|Any CPU
	EndGlobalSection
	GlobalSection(SolutionProperties) = preSolution
		HideSolutionNode = FALSE
	EndGlobalSection
	GlobalSection(NestedProjects) = preSolution
		{37DACDEC-B45B-43E3-978B-F43A810BAEDE} = {61C0890F-253E-4178-A9B5-01346C8DDB2D}
		{B68CC5B9-0BBD-40C2-9EAF-42BF88E5786E} = {AA9865E7-16BD-4DBF-86A5-4CE509C08CF5}
		{46135436-410A-4922-96CB-AD1938F500FE} = {AA9865E7-16BD-4DBF-86A5-4CE509C08CF5}
		{65A7F259-FA1A-413D-8FCC-DE4226331244} = {36E3966F-1DAC-44FF-816B-0F58268870D6}
		{1EA5D9C5-1B0C-4C7A-A946-292A80553D84} = {36E3966F-1DAC-44FF-816B-0F58268870D6}
	EndGlobalSection
	GlobalSection(ExtensibilityGlobals) = postSolution
		SolutionGuid = {C5F3D5A6-F721-4567-AE63-C0A283946BA4}
	EndGlobalSection
EndGlobal
